{
  "name": "Matrix-p5",
  "lockfileVersion": 3,
  "requires": true,
  "packages": {
    "": {
      "dependencies": {
        "@fontsource/noto-sans-jp": "^5.2.9"
      }
    },
    "node_modules/@fontsource/noto-sans-jp": {
      "version": "5.2.9",
      "resolved": "https://registry.npmjs.org/@fontsource/noto-sans-jp/-/noto-sans-jp-5.2.9.tgz",
      "integrity": "sha512-6yVGiofnrnbiJjU8ch4JGSs2HqyozxMvsVyVmFwOnDH3u//qQKLqmKM4n0lqN0637uaJNzUW9nIJqbbMgHVQzw==",
      "license": "OFL-1.1",
      "funding": {
        "url": "https://github.com/sponsors/ayuhito"
      }
    }
  }
}
